// !$*UTF8*$!
{
	archiveVersion = 1;
	classes = {
	};
	objectVersion = 56;
	objects = {

/* Begin PBXBuildFile section */
		14103462292B5F8C0081FB25 /* TextPicker.swift in Sources */ = {isa = PBXBuildFile; fileRef = 14103461292B5F8C0081FB25 /* TextPicker.swift */; };
		14103464292B6D660081FB25 /* ImagePicker.swift in Sources */ = {isa = PBXBuildFile; fileRef = 14103463292B6D660081FB25 /* ImagePicker.swift */; };
		1410346C292F479A0081FB25 /* AppCoordinator.swift in Sources */ = {isa = PBXBuildFile; fileRef = 1410346B292F479A0081FB25 /* AppCoordinator.swift */; };
		1410346E292F47AF0081FB25 /* Coordinator.swift in Sources */ = {isa = PBXBuildFile; fileRef = 1410346D292F47AF0081FB25 /* Coordinator.swift */; };
		14103470292F48600081FB25 /* MainCoordinator.swift in Sources */ = {isa = PBXBuildFile; fileRef = 1410346F292F48600081FB25 /* MainCoordinator.swift */; };
		14103472292F49660081FB25 /* FileManagerCoordinator.swift in Sources */ = {isa = PBXBuildFile; fileRef = 14103471292F49660081FB25 /* FileManagerCoordinator.swift */; };
		14103474292F4A460081FB25 /* LoginCoordinator.swift in Sources */ = {isa = PBXBuildFile; fileRef = 14103473292F4A460081FB25 /* LoginCoordinator.swift */; };
		1410347A292F671F0081FB25 /* SettingsViewController.swift in Sources */ = {isa = PBXBuildFile; fileRef = 14103479292F671F0081FB25 /* SettingsViewController.swift */; };
		1410347C292F674E0081FB25 /* LoginViewController.swift in Sources */ = {isa = PBXBuildFile; fileRef = 1410347B292F674E0081FB25 /* LoginViewController.swift */; };
		14103482292F68920081FB25 /* KeychainAccess in Frameworks */ = {isa = PBXBuildFile; productRef = 14103481292F68920081FB25 /* KeychainAccess */; };
		14E8FBFE292894A5004487D0 /* AppDelegate.swift in Sources */ = {isa = PBXBuildFile; fileRef = 14E8FBFD292894A5004487D0 /* AppDelegate.swift */; };
		14E8FC00292894A5004487D0 /* SceneDelegate.swift in Sources */ = {isa = PBXBuildFile; fileRef = 14E8FBFF292894A5004487D0 /* SceneDelegate.swift */; };
		14E8FC02292894A5004487D0 /* FileController.swift in Sources */ = {isa = PBXBuildFile; fileRef = 14E8FC01292894A5004487D0 /* FileController.swift */; };
		14E8FC07292894A6004487D0 /* Assets.xcassets in Resources */ = {isa = PBXBuildFile; fileRef = 14E8FC06292894A6004487D0 /* Assets.xcassets */; };
		14E8FC0A292894A6004487D0 /* LaunchScreen.storyboard in Resources */ = {isa = PBXBuildFile; fileRef = 14E8FC08292894A6004487D0 /* LaunchScreen.storyboard */; };
		14E8FC122928953D004487D0 /* FileManagerService.swift in Sources */ = {isa = PBXBuildFile; fileRef = 14E8FC112928953D004487D0 /* FileManagerService.swift */; };
		14E8FC15292B2DD2004487D0 /* SnapKit in Frameworks */ = {isa = PBXBuildFile; productRef = 14E8FC14292B2DD2004487D0 /* SnapKit */; };
		14FD542A29306DB200438CDB /* KeychainService.swift in Sources */ = {isa = PBXBuildFile; fileRef = 14FD542929306DB200438CDB /* KeychainService.swift */; };
		14FD542C2930BA0300438CDB /* SettingsCoordinator.swift in Sources */ = {isa = PBXBuildFile; fileRef = 14FD542B2930BA0300438CDB /* SettingsCoordinator.swift */; };
		14FD542E293106F600438CDB /* SortTableViewCell.swift in Sources */ = {isa = PBXBuildFile; fileRef = 14FD542D293106F600438CDB /* SortTableViewCell.swift */; };
		14FD54302931070A00438CDB /* SizeTableViewCell.swift in Sources */ = {isa = PBXBuildFile; fileRef = 14FD542F2931070A00438CDB /* SizeTableViewCell.swift */; };
		14FD54322932167C00438CDB /* ChangePasswordViewController.swift in Sources */ = {isa = PBXBuildFile; fileRef = 14FD54312932167C00438CDB /* ChangePasswordViewController.swift */; };
/* End PBXBuildFile section */

/* Begin PBXFileReference section */
		14103461292B5F8C0081FB25 /* TextPicker.swift */ = {isa = PBXFileReference; lastKnownFileType = sourcecode.swift; path = TextPicker.swift; sourceTree = "<group>"; };
		14103463292B6D660081FB25 /* ImagePicker.swift */ = {isa = PBXFileReference; lastKnownFileType = sourcecode.swift; path = ImagePicker.swift; sourceTree = "<group>"; };
		1410346B292F479A0081FB25 /* AppCoordinator.swift */ = {isa = PBXFileReference; lastKnownFileType = sourcecode.swift; path = AppCoordinator.swift; sourceTree = "<group>"; };
		1410346D292F47AF0081FB25 /* Coordinator.swift */ = {isa = PBXFileReference; lastKnownFileType = sourcecode.swift; path = Coordinator.swift; sourceTree = "<group>"; };
		1410346F292F48600081FB25 /* MainCoordinator.swift */ = {isa = PBXFileReference; lastKnownFileType = sourcecode.swift; path = MainCoordinator.swift; sourceTree = "<group>"; };
		14103471292F49660081FB25 /* FileManagerCoordinator.swift */ = {isa = PBXFileReference; lastKnownFileType = sourcecode.swift; path = FileManagerCoordinator.swift; sourceTree = "<group>"; };
		14103473292F4A460081FB25 /* LoginCoordinator.swift */ = {isa = PBXFileReference; lastKnownFileType = sourcecode.swift; path = LoginCoordinator.swift; sourceTree = "<group>"; };
		14103479292F671F0081FB25 /* SettingsViewController.swift */ = {isa = PBXFileReference; lastKnownFileType = sourcecode.swift; path = SettingsViewController.swift; sourceTree = "<group>"; };
		1410347B292F674E0081FB25 /* LoginViewController.swift */ = {isa = PBXFileReference; lastKnownFileType = sourcecode.swift; path = LoginViewController.swift; sourceTree = "<group>"; };
		14E8FBFA292894A5004487D0 /* PhotoFileManager.app */ = {isa = PBXFileReference; explicitFileType = wrapper.application; includeInIndex = 0; path = PhotoFileManager.app; sourceTree = BUILT_PRODUCTS_DIR; };
		14E8FBFD292894A5004487D0 /* AppDelegate.swift */ = {isa = PBXFileReference; lastKnownFileType = sourcecode.swift; path = AppDelegate.swift; sourceTree = "<group>"; };
		14E8FBFF292894A5004487D0 /* SceneDelegate.swift */ = {isa = PBXFileReference; lastKnownFileType = sourcecode.swift; path = SceneDelegate.swift; sourceTree = "<group>"; };
		14E8FC01292894A5004487D0 /* FileController.swift */ = {isa = PBXFileReference; lastKnownFileType = sourcecode.swift; path = FileController.swift; sourceTree = "<group>"; };
		14E8FC06292894A6004487D0 /* Assets.xcassets */ = {isa = PBXFileReference; lastKnownFileType = folder.assetcatalog; path = Assets.xcassets; sourceTree = "<group>"; };
		14E8FC09292894A6004487D0 /* Base */ = {isa = PBXFileReference; lastKnownFileType = file.storyboard; name = Base; path = Base.lproj/LaunchScreen.storyboard; sourceTree = "<group>"; };
		14E8FC0B292894A6004487D0 /* Info.plist */ = {isa = PBXFileReference; lastKnownFileType = text.plist.xml; path = Info.plist; sourceTree = "<group>"; };
		14E8FC112928953D004487D0 /* FileManagerService.swift */ = {isa = PBXFileReference; lastKnownFileType = sourcecode.swift; path = FileManagerService.swift; sourceTree = "<group>"; };
		14FD542929306DB200438CDB /* KeychainService.swift */ = {isa = PBXFileReference; lastKnownFileType = sourcecode.swift; path = KeychainService.swift; sourceTree = "<group>"; };
		14FD542B2930BA0300438CDB /* SettingsCoordinator.swift */ = {isa = PBXFileReference; lastKnownFileType = sourcecode.swift; path = SettingsCoordinator.swift; sourceTree = "<group>"; };
		14FD542D293106F600438CDB /* SortTableViewCell.swift */ = {isa = PBXFileReference; lastKnownFileType = sourcecode.swift; path = SortTableViewCell.swift; sourceTree = "<group>"; };
		14FD542F2931070A00438CDB /* SizeTableViewCell.swift */ = {isa = PBXFileReference; lastKnownFileType = sourcecode.swift; path = SizeTableViewCell.swift; sourceTree = "<group>"; };
		14FD54312932167C00438CDB /* ChangePasswordViewController.swift */ = {isa = PBXFileReference; lastKnownFileType = sourcecode.swift; path = ChangePasswordViewController.swift; sourceTree = "<group>"; };
/* End PBXFileReference section */

/* Begin PBXFrameworksBuildPhase section */
		14E8FBF7292894A5004487D0 /* Frameworks */ = {
			isa = PBXFrameworksBuildPhase;
			buildActionMask = 2147483647;
			files = (
				14103482292F68920081FB25 /* KeychainAccess in Frameworks */,
				14E8FC15292B2DD2004487D0 /* SnapKit in Frameworks */,
			);
			runOnlyForDeploymentPostprocessing = 0;
		};
/* End PBXFrameworksBuildPhase section */

/* Begin PBXGroup section */
		1410346A292F45A30081FB25 /* Coordinators  */ = {
			isa = PBXGroup;
			children = (
				1410346B292F479A0081FB25 /* AppCoordinator.swift */,
				1410346F292F48600081FB25 /* MainCoordinator.swift */,
				1410346D292F47AF0081FB25 /* Coordinator.swift */,
			);
			path = "Coordinators ";
			sourceTree = "<group>";
		};
		1410347D292F67590081FB25 /* Login */ = {
			isa = PBXGroup;
			children = (
				1410347B292F674E0081FB25 /* LoginViewController.swift */,
				14FD54312932167C00438CDB /* ChangePasswordViewController.swift */,
				14103473292F4A460081FB25 /* LoginCoordinator.swift */,
				14FD542929306DB200438CDB /* KeychainService.swift */,
			);
			path = Login;
			sourceTree = "<group>";
		};
		1410347E292F67630081FB25 /* Settings */ = {
			isa = PBXGroup;
			children = (
				14103479292F671F0081FB25 /* SettingsViewController.swift */,
				14FD542D293106F600438CDB /* SortTableViewCell.swift */,
				14FD542F2931070A00438CDB /* SizeTableViewCell.swift */,
				14FD542B2930BA0300438CDB /* SettingsCoordinator.swift */,
			);
			path = Settings;
			sourceTree = "<group>";
		};
		1410347F292F67730081FB25 /* FileManager */ = {
			isa = PBXGroup;
			children = (
				14E8FC01292894A5004487D0 /* FileController.swift */,
				14103471292F49660081FB25 /* FileManagerCoordinator.swift */,
				14103463292B6D660081FB25 /* ImagePicker.swift */,
				14103461292B5F8C0081FB25 /* TextPicker.swift */,
			);
			path = FileManager;
			sourceTree = "<group>";
		};
		14E8FBF1292894A5004487D0 = {
			isa = PBXGroup;
			children = (
				14E8FBFC292894A5004487D0 /* PhotoFileManager */,
				14E8FBFB292894A5004487D0 /* Products */,
			);
			sourceTree = "<group>";
		};
		14E8FBFB292894A5004487D0 /* Products */ = {
			isa = PBXGroup;
			children = (
				14E8FBFA292894A5004487D0 /* PhotoFileManager.app */,
			);
			name = Products;
			sourceTree = "<group>";
		};
		14E8FBFC292894A5004487D0 /* PhotoFileManager */ = {
			isa = PBXGroup;
			children = (
				1410347F292F67730081FB25 /* FileManager */,
				1410347D292F67590081FB25 /* Login */,
				14E8FBFD292894A5004487D0 /* AppDelegate.swift */,
				14E8FBFF292894A5004487D0 /* SceneDelegate.swift */,
				14E8FC112928953D004487D0 /* FileManagerService.swift */,
				1410347E292F67630081FB25 /* Settings */,
				1410346A292F45A30081FB25 /* Coordinators  */,
				14E8FC06292894A6004487D0 /* Assets.xcassets */,
				14E8FC08292894A6004487D0 /* LaunchScreen.storyboard */,
				14E8FC0B292894A6004487D0 /* Info.plist */,
			);
			path = PhotoFileManager;
			sourceTree = "<group>";
		};
/* End PBXGroup section */

/* Begin PBXNativeTarget section */
		14E8FBF9292894A5004487D0 /* PhotoFileManager */ = {
			isa = PBXNativeTarget;
			buildConfigurationList = 14E8FC0E292894A6004487D0 /* Build configuration list for PBXNativeTarget "PhotoFileManager" */;
			buildPhases = (
				14E8FBF6292894A5004487D0 /* Sources */,
				14E8FBF7292894A5004487D0 /* Frameworks */,
				14E8FBF8292894A5004487D0 /* Resources */,
			);
			buildRules = (
			);
			dependencies = (
			);
			name = PhotoFileManager;
			packageProductDependencies = (
				14E8FC14292B2DD2004487D0 /* SnapKit */,
				14103481292F68920081FB25 /* KeychainAccess */,
			);
			productName = PhotoFileManager;
			productReference = 14E8FBFA292894A5004487D0 /* PhotoFileManager.app */;
			productType = "com.apple.product-type.application";
		};
/* End PBXNativeTarget section */

/* Begin PBXProject section */
		14E8FBF2292894A5004487D0 /* Project object */ = {
			isa = PBXProject;
			attributes = {
				BuildIndependentTargetsInParallel = 1;
				LastSwiftUpdateCheck = 1410;
				LastUpgradeCheck = 1410;
				TargetAttributes = {
					14E8FBF9292894A5004487D0 = {
						CreatedOnToolsVersion = 14.1;
					};
				};
			};
			buildConfigurationList = 14E8FBF5292894A5004487D0 /* Build configuration list for PBXProject "PhotoFileManager" */;
			compatibilityVersion = "Xcode 14.0";
			developmentRegion = en;
			hasScannedForEncodings = 0;
			knownRegions = (
				en,
				Base,
			);
			mainGroup = 14E8FBF1292894A5004487D0;
			packageReferences = (
				14E8FC13292B2DD2004487D0 /* XCRemoteSwiftPackageReference "SnapKit" */,
				14103480292F68920081FB25 /* XCRemoteSwiftPackageReference "KeychainAccess" */,
			);
			productRefGroup = 14E8FBFB292894A5004487D0 /* Products */;
			projectDirPath = "";
			projectRoot = "";
			targets = (
				14E8FBF9292894A5004487D0 /* PhotoFileManager */,
			);
		};
/* End PBXProject section */

/* Begin PBXResourcesBuildPhase section */
		14E8FBF8292894A5004487D0 /* Resources */ = {
			isa = PBXResourcesBuildPhase;
			buildActionMask = 2147483647;
			files = (
				14E8FC0A292894A6004487D0 /* LaunchScreen.storyboard in Resources */,
				14E8FC07292894A6004487D0 /* Assets.xcassets in Resources */,
			);
			runOnlyForDeploymentPostprocessing = 0;
		};
/* End PBXResourcesBuildPhase section */

/* Begin PBXSourcesBuildPhase section */
		14E8FBF6292894A5004487D0 /* Sources */ = {
			isa = PBXSourcesBuildPhase;
			buildActionMask = 2147483647;
			files = (
				14103472292F49660081FB25 /* FileManagerCoordinator.swift in Sources */,
				1410346E292F47AF0081FB25 /* Coordinator.swift in Sources */,
				14E8FC02292894A5004487D0 /* FileController.swift in Sources */,
				14FD54322932167C00438CDB /* ChangePasswordViewController.swift in Sources */,
				14103462292B5F8C0081FB25 /* TextPicker.swift in Sources */,
				14103474292F4A460081FB25 /* LoginCoordinator.swift in Sources */,
				14E8FBFE292894A5004487D0 /* AppDelegate.swift in Sources */,
				14103464292B6D660081FB25 /* ImagePicker.swift in Sources */,
				14FD542A29306DB200438CDB /* KeychainService.swift in Sources */,
				14E8FC00292894A5004487D0 /* SceneDelegate.swift in Sources */,
				14FD54302931070A00438CDB /* SizeTableViewCell.swift in Sources */,
				14E8FC122928953D004487D0 /* FileManagerService.swift in Sources */,
				14FD542C2930BA0300438CDB /* SettingsCoordinator.swift in Sources */,
				1410347A292F671F0081FB25 /* SettingsViewController.swift in Sources */,
				14103470292F48600081FB25 /* MainCoordinator.swift in Sources */,
				14FD542E293106F600438CDB /* SortTableViewCell.swift in Sources */,
				1410347C292F674E0081FB25 /* LoginViewController.swift in Sources */,
				1410346C292F479A0081FB25 /* AppCoordinator.swift in Sources */,
			);
			runOnlyForDeploymentPostprocessing = 0;
		};
/* End PBXSourcesBuildPhase section */

/* Begin PBXVariantGroup section */
		14E8FC08292894A6004487D0 /* LaunchScreen.storyboard */ = {
			isa = PBXVariantGroup;
			children = (
				14E8FC09292894A6004487D0 /* Base */,
			);
			name = LaunchScreen.storyboard;
			sourceTree = "<group>";
		};
/* End PBXVariantGroup section */

/* Begin XCBuildConfiguration section */
		14E8FC0C292894A6004487D0 /* Debug */ = {
			isa = XCBuildConfiguration;
			buildSettings = {
				ALWAYS_SEARCH_USER_PATHS = NO;
				CLANG_ANALYZER_NONNULL = YES;
				CLANG_ANALYZER_NUMBER_OBJECT_CONVERSION = YES_AGGRESSIVE;
				CLANG_CXX_LANGUAGE_STANDARD = "gnu++20";
				CLANG_ENABLE_MODULES = YES;
				CLANG_ENABLE_OBJC_ARC = YES;
				CLANG_ENABLE_OBJC_WEAK = YES;
				CLANG_WARN_BLOCK_CAPTURE_AUTORELEASING = YES;
				CLANG_WARN_BOOL_CONVERSION = YES;
				CLANG_WARN_COMMA = YES;
				CLANG_WARN_CONSTANT_CONVERSION = YES;
				CLANG_WARN_DEPRECATED_OBJC_IMPLEMENTATIONS = YES;
				CLANG_WARN_DIRECT_OBJC_ISA_USAGE = YES_ERROR;
				CLANG_WARN_DOCUMENTATION_COMMENTS = YES;
				CLANG_WARN_EMPTY_BODY = YES;
				CLANG_WARN_ENUM_CONVERSION = YES;
				CLANG_WARN_INFINITE_RECURSION = YES;
				CLANG_WARN_INT_CONVERSION = YES;
				CLANG_WARN_NON_LITERAL_NULL_CONVERSION = YES;
				CLANG_WARN_OBJC_IMPLICIT_RETAIN_SELF = YES;
				CLANG_WARN_OBJC_LITERAL_CONVERSION = YES;
				CLANG_WARN_OBJC_ROOT_CLASS = YES_ERROR;
				CLANG_WARN_QUOTED_INCLUDE_IN_FRAMEWORK_HEADER = YES;
				CLANG_WARN_RANGE_LOOP_ANALYSIS = YES;
				CLANG_WARN_STRICT_PROTOTYPES = YES;
				CLANG_WARN_SUSPICIOUS_MOVE = YES;
				CLANG_WARN_UNGUARDED_AVAILABILITY = YES_AGGRESSIVE;
				CLANG_WARN_UNREACHABLE_CODE = YES;
				CLANG_WARN__DUPLICATE_METHOD_MATCH = YES;
				COPY_PHASE_STRIP = NO;
				DEBUG_INFORMATION_FORMAT = dwarf;
				ENABLE_STRICT_OBJC_MSGSEND = YES;
				ENABLE_TESTABILITY = YES;
				GCC_C_LANGUAGE_STANDARD = gnu11;
				GCC_DYNAMIC_NO_PIC = NO;
				GCC_NO_COMMON_BLOCKS = YES;
				GCC_OPTIMIZATION_LEVEL = 0;
				GCC_PREPROCESSOR_DEFINITIONS = (
					"DEBUG=1",
					"$(inherited)",
				);
				GCC_WARN_64_TO_32_BIT_CONVERSION = YES;
				GCC_WARN_ABOUT_RETURN_TYPE = YES_ERROR;
				GCC_WARN_UNDECLARED_SELECTOR = YES;
				GCC_WARN_UNINITIALIZED_AUTOS = YES_AGGRESSIVE;
				GCC_WARN_UNUSED_FUNCTION = YES;
				GCC_WARN_UNUSED_VARIABLE = YES;
				IPHONEOS_DEPLOYMENT_TARGET = 16.1;
				MTL_ENABLE_DEBUG_INFO = INCLUDE_SOURCE;
				MTL_FAST_MATH = YES;
				ONLY_ACTIVE_ARCH = YES;
				SDKROOT = iphoneos;
				SWIFT_ACTIVE_COMPILATION_CONDITIONS = DEBUG;
				SWIFT_OPTIMIZATION_LEVEL = "-Onone";
			};
			name = Debug;
		};
		14E8FC0D292894A6004487D0 /* Release */ = {
			isa = XCBuildConfiguration;
			buildSettings = {
				ALWAYS_SEARCH_USER_PATHS = NO;
				CLANG_ANALYZER_NONNULL = YES;
				CLANG_ANALYZER_NUMBER_OBJECT_CONVERSION = YES_AGGRESSIVE;
				CLANG_CXX_LANGUAGE_STANDARD = "gnu++20";
				CLANG_ENABLE_MODULES = YES;
				CLANG_ENABLE_OBJC_ARC = YES;
				CLANG_ENABLE_OBJC_WEAK = YES;
				CLANG_WARN_BLOCK_CAPTURE_AUTORELEASING = YES;
				CLANG_WARN_BOOL_CONVERSION = YES;
				CLANG_WARN_COMMA = YES;
				CLANG_WARN_CONSTANT_CONVERSION = YES;
				CLANG_WARN_DEPRECATED_OBJC_IMPLEMENTATIONS = YES;
				CLANG_WARN_DIRECT_OBJC_ISA_USAGE = YES_ERROR;
				CLANG_WARN_DOCUMENTATION_COMMENTS = YES;
				CLANG_WARN_EMPTY_BODY = YES;
				CLANG_WARN_ENUM_CONVERSION = YES;
				CLANG_WARN_INFINITE_RECURSION = YES;
				CLANG_WARN_INT_CONVERSION = YES;
				CLANG_WARN_NON_LITERAL_NULL_CONVERSION = YES;
				CLANG_WARN_OBJC_IMPLICIT_RETAIN_SELF = YES;
				CLANG_WARN_OBJC_LITERAL_CONVERSION = YES;
				CLANG_WARN_OBJC_ROOT_CLASS = YES_ERROR;
				CLANG_WARN_QUOTED_INCLUDE_IN_FRAMEWORK_HEADER = YES;
				CLANG_WARN_RANGE_LOOP_ANALYSIS = YES;
				CLANG_WARN_STRICT_PROTOTYPES = YES;
				CLANG_WARN_SUSPICIOUS_MOVE = YES;
				CLANG_WARN_UNGUARDED_AVAILABILITY = YES_AGGRESSIVE;
				CLANG_WARN_UNREACHABLE_CODE = YES;
				CLANG_WARN__DUPLICATE_METHOD_MATCH = YES;
				COPY_PHASE_STRIP = NO;
				DEBUG_INFORMATION_FORMAT = "dwarf-with-dsym";
				ENABLE_NS_ASSERTIONS = NO;
				ENABLE_STRICT_OBJC_MSGSEND = YES;
				GCC_C_LANGUAGE_STANDARD = gnu11;
				GCC_NO_COMMON_BLOCKS = YES;
				GCC_WARN_64_TO_32_BIT_CONVERSION = YES;
				GCC_WARN_ABOUT_RETURN_TYPE = YES_ERROR;
				GCC_WARN_UNDECLARED_SELECTOR = YES;
				GCC_WARN_UNINITIALIZED_AUTOS = YES_AGGRESSIVE;
				GCC_WARN_UNUSED_FUNCTION = YES;
				GCC_WARN_UNUSED_VARIABLE = YES;
				IPHONEOS_DEPLOYMENT_TARGET = 16.1;
				MTL_ENABLE_DEBUG_INFO = NO;
				MTL_FAST_MATH = YES;
				SDKROOT = iphoneos;
				SWIFT_COMPILATION_MODE = wholemodule;
				SWIFT_OPTIMIZATION_LEVEL = "-O";
				VALIDATE_PRODUCT = YES;
			};
			name = Release;
		};
		14E8FC0F292894A6004487D0 /* Debug */ = {
			isa = XCBuildConfiguration;
			buildSettings = {
				ASSETCATALOG_COMPILER_APPICON_NAME = AppIcon;
				ASSETCATALOG_COMPILER_GLOBAL_ACCENT_COLOR_NAME = AccentColor;
				CODE_SIGN_STYLE = Automatic;
				CURRENT_PROJECT_VERSION = 1;
				DEVELOPMENT_TEAM = YY78XVR2DH;
				GENERATE_INFOPLIST_FILE = YES;
				INFOPLIST_FILE = PhotoFileManager/Info.plist;
				INFOPLIST_KEY_UIApplicationSupportsIndirectInputEvents = YES;
				INFOPLIST_KEY_UILaunchStoryboardName = LaunchScreen;
				INFOPLIST_KEY_UISupportedInterfaceOrientations = UIInterfaceOrientationPortrait;
				IPHONEOS_DEPLOYMENT_TARGET = 16.0;
				LD_RUNPATH_SEARCH_PATHS = (
					"$(inherited)",
					"@executable_path/Frameworks",
				);
				MARKETING_VERSION = 1.0;
				PRODUCT_BUNDLE_IDENTIFIER = com.Kiryl.Team.PhotoFileManager;
				PRODUCT_NAME = "$(TARGET_NAME)";
				SWIFT_EMIT_LOC_STRINGS = YES;
				SWIFT_VERSION = 5.0;
				TARGETED_DEVICE_FAMILY = "1,2";
			};
			name = Debug;
		};
		14E8FC10292894A6004487D0 /* Release */ = {
			isa = XCBuildConfiguration;
			buildSettings = {
				ASSETCATALOG_COMPILER_APPICON_NAME = AppIcon;
				ASSETCATALOG_COMPILER_GLOBAL_ACCENT_COLOR_NAME = AccentColor;
				CODE_SIGN_STYLE = Automatic;
				CURRENT_PROJECT_VERSION = 1;
				DEVELOPMENT_TEAM = YY78XVR2DH;
				GENERATE_INFOPLIST_FILE = YES;
				INFOPLIST_FILE = PhotoFileManager/Info.plist;
				INFOPLIST_KEY_UIApplicationSupportsIndirectInputEvents = YES;
				INFOPLIST_KEY_UILaunchStoryboardName = LaunchScreen;
				INFOPLIST_KEY_UISupportedInterfaceOrientations = UIInterfaceOrientationPortrait;
				IPHONEOS_DEPLOYMENT_TARGET = 16.0;
				LD_RUNPATH_SEARCH_PATHS = (
					"$(inherited)",
					"@executable_path/Frameworks",
				);
				MARKETING_VERSION = 1.0;
				PRODUCT_BUNDLE_IDENTIFIER = com.Kiryl.Team.PhotoFileManager;
				PRODUCT_NAME = "$(TARGET_NAME)";
				SWIFT_EMIT_LOC_STRINGS = YES;
				SWIFT_VERSION = 5.0;
				TARGETED_DEVICE_FAMILY = "1,2";
			};
			name = Release;
		};
/* End XCBuildConfiguration section */

/* Begin XCConfigurationList section */
		14E8FBF5292894A5004487D0 /* Build configuration list for PBXProject "PhotoFileManager" */ = {
			isa = XCConfigurationList;
			buildConfigurations = (
				14E8FC0C292894A6004487D0 /* Debug */,
				14E8FC0D292894A6004487D0 /* Release */,
			);
			defaultConfigurationIsVisible = 0;
			defaultConfigurationName = Release;
		};
		14E8FC0E292894A6004487D0 /* Build configuration list for PBXNativeTarget "PhotoFileManager" */ = {
			isa = XCConfigurationList;
			buildConfigurations = (
				14E8FC0F292894A6004487D0 /* Debug */,
				14E8FC10292894A6004487D0 /* Release */,
			);
			defaultConfigurationIsVisible = 0;
			defaultConfigurationName = Release;
		};
/* End XCConfigurationList section */

/* Begin XCRemoteSwiftPackageReference section */
		14103480292F68920081FB25 /* XCRemoteSwiftPackageReference "KeychainAccess" */ = {
			isa = XCRemoteSwiftPackageReference;
			repositoryURL = "https://github.com/kishikawakatsumi/KeychainAccess.git";
			requirement = {
				branch = master;
				kind = branch;
			};
		};
		14E8FC13292B2DD2004487D0 /* XCRemoteSwiftPackageReference "SnapKit" */ = {
			isa = XCRemoteSwiftPackageReference;
			repositoryURL = "https://github.com/SnapKit/SnapKit.git";
			requirement = {
				kind = upToNextMajorVersion;
				minimumVersion = 5.0.0;
			};
		};
/* End XCRemoteSwiftPackageReference section */

/* Begin XCSwiftPackageProductDependency section */
		14103481292F68920081FB25 /* KeychainAccess */ = {
			isa = XCSwiftPackageProductDependency;
			package = 14103480292F68920081FB25 /* XCRemoteSwiftPackageReference "KeychainAccess" */;
			productName = KeychainAccess;
		};
		14E8FC14292B2DD2004487D0 /* SnapKit */ = {
			isa = XCSwiftPackageProductDependency;
			package = 14E8FC13292B2DD2004487D0 /* XCRemoteSwiftPackageReference "SnapKit" */;
			productName = SnapKit;
		};
/* End XCSwiftPackageProductDependency section */
	};
	rootObject = 14E8FBF2292894A5004487D0 /* Project object */;
}
